
Microsoft Visual Studio Solution File, Format Version 12.00
# Visual Studio 15
Project("{FAE04EC0-301F-11D3-BF4B-00C04F79EFBC}") = "UnityEngine.UI", "UnityEngine.UI.csproj", "{CEBD7091-85D5-3A3F-8B94-118FBC88C229}"
EndProject
Project("{FAE04EC0-301F-11D3-BF4B-00C04F79EFBC}") = "Unity.RenderPipelines.Core.Runtime", "Unity.RenderPipelines.Core.Runtime.csproj", "{8E658219-B787-36D9-8B01-1E38C21EBEA6}"
EndProject
Project("{FAE04EC0-301F-11D3-BF4B-00C04F79EFBC}") = "UnityEngine.TestRunner", "UnityEngine.TestRunner.csproj", "{397E48F9-55E9-4C5E-F7B9-6E9B63CA92B0}"
EndProject
Project("{FAE04EC0-301F-11D3-BF4B-00C04F79EFBC}") = "Unity.InputSystem", "Unity.InputSystem.csproj", "{029F22F6-FCE5-C9EB-26E0-7A4803493924}"
EndProject
Project("{FAE04EC0-301F-11D3-BF4B-00C04F79EFBC}") = "Unity.VisualScripting.State", "Unity.VisualScripting.State.csproj", "{1C540631-76E0-E238-DCC5-C683A3549D21}"
EndProject
Project("{FAE04EC0-301F-11D3-BF4B-00C04F79EFBC}") = "Unity.RenderPipelines.Universal.Runtime", "Unity.RenderPipelines.Universal.Runtime.csproj", "{AF00C140-126C-48FA-D013-03249ADDB4C1}"
EndProject
Project("{FAE04EC0-301F-11D3-BF4B-00C04F79EFBC}") = "Unity.VisualScripting.Flow", "Unity.VisualScripting.Flow.csproj", "{B3EAA3D5-230E-F1B5-725B-2BAF1E54A771}"
EndProject
Project("{FAE04EC0-301F-11D3-BF4B-00C04F79EFBC}") = "Unity.VisualScripting.Core", "Unity.VisualScripting.Core.csproj", "{31B277B6-2F4B-DB11-BE8E-CCF4DFA12406}"
EndProject
Project("{FAE04EC0-301F-11D3-BF4B-00C04F79EFBC}") = "Unity.2D.Animation.Runtime", "Unity.2D.Animation.Runtime.csproj", "{AC4B0C00-C674-ADB4-17B6-44EBFADA914E}"
EndProject
Project("{FAE04EC0-301F-11D3-BF4B-00C04F79EFBC}") = "Unity.TextMeshPro", "Unity.TextMeshPro.csproj", "{F5075A70-76B4-F521-BC79-6F7C14603761}"
EndProject
Project("{FAE04EC0-301F-11D3-BF4B-00C04F79EFBC}") = "Unity.RenderPipeline.Universal.ShaderLibrary", "Unity.RenderPipeline.Universal.ShaderLibrary.csproj", "{805D5E2F-1756-AA9E-397F-9241969D103A}"
EndProject
Project("{FAE04EC0-301F-11D3-BF4B-00C04F79EFBC}") = "Unity.2D.SpriteShape.Runtime", "Unity.2D.SpriteShape.Runtime.csproj", "{C4784AF8-AA7D-5B33-2502-D37D2DACEA2F}"
EndProject
Project("{FAE04EC0-301F-11D3-BF4B-00C04F79EFBC}") = "Unity.Burst", "Unity.Burst.csproj", "{52687637-DD9C-A1BC-183F-CEEB03E66A36}"
EndProject
Project("{FAE04EC0-301F-11D3-BF4B-00C04F79EFBC}") = "Unity.Timeline", "Unity.Timeline.csproj", "{2A4129B4-F877-6123-DE07-265AA81C0067}"
EndProject
Project("{FAE04EC0-301F-11D3-BF4B-00C04F79EFBC}") = "Unity.Mathematics", "Unity.Mathematics.csproj", "{8D823A25-783B-9B04-1101-7DFA92F028D8}"
EndProject
Project("{FAE04EC0-301F-11D3-BF4B-00C04F79EFBC}") = "NavMeshPlus", "NavMeshPlus.csproj", "{CE500740-AE34-C05E-67DC-9AC07F5465FB}"
EndProject
Project("{FAE04EC0-301F-11D3-BF4B-00C04F79EFBC}") = "Unity.2D.PixelPerfect", "Unity.2D.PixelPerfect.csproj", "{53D5A369-CE08-3FCF-C9BB-B600B5DCE07A}"
EndProject
Project("{FAE04EC0-301F-11D3-BF4B-00C04F79EFBC}") = "Assembly-CSharp", "Assembly-CSharp.csproj", "{19ED52C9-61D3-2847-A13B-3A555153F0E3}"
EndProject
Project("{FAE04EC0-301F-11D3-BF4B-00C04F79EFBC}") = "Unity.2D.IK.Runtime", "Unity.2D.IK.Runtime.csproj", "{357AFFFB-250F-CBC2-028A-E3895D0E9ADB}"
EndProject
Project("{FAE04EC0-301F-11D3-BF4B-00C04F79EFBC}") = "Unity.2D.Common.Runtime", "Unity.2D.Common.Runtime.csproj", "{4B96DD2B-51B4-31A6-0B5E-CBB457C780A8}"
EndProject
Project("{FAE04EC0-301F-11D3-BF4B-00C04F79EFBC}") = "Unity.2D.Tilemap.Extras", "Unity.2D.Tilemap.Extras.csproj", "{1C7B40CF-AFF7-1685-1189-A3869110080E}"
EndProject
Project("{FAE04EC0-301F-11D3-BF4B-00C04F79EFBC}") = "Unity.RenderPipelines.ShaderGraph.ShaderGraphLibrary", "Unity.RenderPipelines.ShaderGraph.ShaderGraphLibrary.csproj", "{5F6B191E-08D0-2C4D-CBD4-96D0BC044E98}"
EndProject
Project("{FAE04EC0-301F-11D3-BF4B-00C04F79EFBC}") = "Unity.InputSystem.ForUI", "Unity.InputSystem.ForUI.csproj", "{61B59E2D-5553-404A-2095-F04598F788BF}"
EndProject
Project("{FAE04EC0-301F-11D3-BF4B-00C04F79EFBC}") = "Unity.InputSystem.TestFramework", "Unity.InputSystem.TestFramework.csproj", "{E5128D3A-7B39-42DB-C288-B9146296A8CE}"
EndProject
Project("{FAE04EC0-301F-11D3-BF4B-00C04F79EFBC}") = "Unity.RenderPipelines.Core.ShaderLibrary", "Unity.RenderPipelines.Core.ShaderLibrary.csproj", "{D3794583-8DFA-C195-57E8-C1CADF8D9E81}"
EndProject
Project("{FAE04EC0-301F-11D3-BF4B-00C04F79EFBC}") = "Unity.InternalAPIEngineBridge.001", "Unity.InternalAPIEngineBridge.001.csproj", "{D0C1A318-44C2-9372-F05F-41BCC9F02CBE}"
EndProject
Project("{FAE04EC0-301F-11D3-BF4B-00C04F79EFBC}") = "Unity.RenderPipelines.Universal.Shaders", "Unity.RenderPipelines.Universal.Shaders.csproj", "{392B1DF4-8969-8BE6-208E-FC3D872C3A3F}"
EndProject
Project("{FAE04EC0-301F-11D3-BF4B-00C04F79EFBC}") = "Unity.PlasticSCM.Editor", "Unity.PlasticSCM.Editor.csproj", "{EBD79BBB-DF1F-26B1-6C68-4D0E4D10CFAD}"
EndProject
Project("{FAE04EC0-301F-11D3-BF4B-00C04F79EFBC}") = "Unity.VisualScripting.Core.Editor", "Unity.VisualScripting.Core.Editor.csproj", "{2709B3C0-0101-D17E-2D69-F1143ABCDC8F}"
EndProject
Project("{FAE04EC0-301F-11D3-BF4B-00C04F79EFBC}") = "Unity.ShaderGraph.Editor", "Unity.ShaderGraph.Editor.csproj", "{1D92883B-2B05-5DEF-0BAB-4832F355D1E9}"
EndProject
Project("{FAE04EC0-301F-11D3-BF4B-00C04F79EFBC}") = "Unity.Timeline.Editor", "Unity.Timeline.Editor.csproj", "{ECA70D00-D5CF-D427-9C0D-515DEF2C5E9B}"
EndProject
Project("{FAE04EC0-301F-11D3-BF4B-00C04F79EFBC}") = "Unity.Burst.CodeGen", "Unity.Burst.CodeGen.csproj", "{88283519-927E-DF79-58F2-5C89B92A708A}"
EndProject
Project("{FAE04EC0-301F-11D3-BF4B-00C04F79EFBC}") = "Unity.RenderPipelines.Universal.Editor", "Unity.RenderPipelines.Universal.Editor.csproj", "{4533B050-6EDD-132C-D506-C16A2C20C709}"
EndProject
Project("{FAE04EC0-301F-11D3-BF4B-00C04F79EFBC}") = "Unity.TextMeshPro.Editor", "Unity.TextMeshPro.Editor.csproj", "{A4FC48FB-765F-0A9A-D612-95650907C741}"
EndProject
Project("{FAE04EC0-301F-11D3-BF4B-00C04F79EFBC}") = "Unity.Burst.Editor", "Unity.Burst.Editor.csproj", "{1448D5EB-33A4-0685-4421-A5C2580F630E}"
EndProject
Project("{FAE04EC0-301F-11D3-BF4B-00C04F79EFBC}") = "Unity.2D.Animation.Editor", "Unity.2D.Animation.Editor.csproj", "{E1767D8A-9F56-34C9-9AE7-3BEF547A0F95}"
EndProject
Project("{FAE04EC0-301F-11D3-BF4B-00C04F79EFBC}") = "Unity.VisualScripting.SettingsProvider.Editor", "Unity.VisualScripting.SettingsProvider.Editor.csproj", "{09A4EFDB-1F48-27C0-AC87-F873B0946613}"
EndProject
Project("{FAE04EC0-301F-11D3-BF4B-00C04F79EFBC}") = "UnityEditor.TestRunner", "UnityEditor.TestRunner.csproj", "{35974E03-49FA-6E21-3E78-91C4C7DEEDC4}"
EndProject
Project("{FAE04EC0-301F-11D3-BF4B-00C04F79EFBC}") = "Unity.2D.Tilemap.Editor", "Unity.2D.Tilemap.Editor.csproj", "{94A51D49-D7B2-3ED3-A8A4-693E4AC1B35C}"
EndProject
Project("{FAE04EC0-301F-11D3-BF4B-00C04F79EFBC}") = "Unity.VisualScripting.Flow.Editor", "Unity.VisualScripting.Flow.Editor.csproj", "{2B69672D-8254-BA84-9C43-9CC0B633B528}"
EndProject
Project("{FAE04EC0-301F-11D3-BF4B-00C04F79EFBC}") = "Unity.Rider.Editor", "Unity.Rider.Editor.csproj", "{A4D616E2-7A11-BC5B-6C3D-6C1066F5D2FC}"
EndProject
Project("{FAE04EC0-301F-11D3-BF4B-00C04F79EFBC}") = "Unity.2D.Aseprite.Editor", "Unity.2D.Aseprite.Editor.csproj", "{3F21B9EC-8D87-E77F-E874-07AB13A28DA9}"
EndProject
Project("{FAE04EC0-301F-11D3-BF4B-00C04F79EFBC}") = "Unity.2D.Path.Editor", "Unity.2D.Path.Editor.csproj", "{F242E62B-6868-7D5F-58A7-1A294BE49E57}"
EndProject
Project("{FAE04EC0-301F-11D3-BF4B-00C04F79EFBC}") = "PsdPlugin", "PsdPlugin.csproj", "{911DEB76-602B-9A81-CB28-0278BD898FEA}"
EndProject
Project("{FAE04EC0-301F-11D3-BF4B-00C04F79EFBC}") = "Unity.RenderPipelines.Core.Editor", "Unity.RenderPipelines.Core.Editor.csproj", "{DB39C227-E8D7-2EDF-C5E9-F110776608FE}"
EndProject
Project("{FAE04EC0-301F-11D3-BF4B-00C04F79EFBC}") = "Unity.2D.SpriteShape.Editor", "Unity.2D.SpriteShape.Editor.csproj", "{A7DF35E7-6A14-4104-546F-3F787722610E}"
EndProject
Project("{FAE04EC0-301F-11D3-BF4B-00C04F79EFBC}") = "Unity.2D.PixelPerfect.Editor", "Unity.2D.PixelPerfect.Editor.csproj", "{F5FD8C06-EA44-8DD7-48D1-4935EA65FD57}"
EndProject
Project("{FAE04EC0-301F-11D3-BF4B-00C04F79EFBC}") = "Unity.VSCode.Editor", "Unity.VSCode.Editor.csproj", "{652CE3A1-7620-7A8B-695F-8D3371E21A92}"
EndProject
Project("{FAE04EC0-301F-11D3-BF4B-00C04F79EFBC}") = "Unity.VisualStudio.Editor", "Unity.VisualStudio.Editor.csproj", "{D16E8D57-F284-0F72-2F86-ABB9CAC90566}"
EndProject
Project("{FAE04EC0-301F-11D3-BF4B-00C04F79EFBC}") = "PPv2URPConverters", "PPv2URPConverters.csproj", "{E6232DEA-A0A4-3B3E-F695-895515886E55}"
EndProject
Project("{FAE04EC0-301F-11D3-BF4B-00C04F79EFBC}") = "Unity.2D.Sprite.Editor", "Unity.2D.Sprite.Editor.csproj", "{68656E1B-4564-E29F-F985-E8E7201EF712}"
EndProject
Project("{FAE04EC0-301F-11D3-BF4B-00C04F79EFBC}") = "Unity.2D.Common.Editor", "Unity.2D.Common.Editor.csproj", "{1BF1A1DE-FE4B-2267-C475-ED900E0A0E82}"
EndProject
Project("{FAE04EC0-301F-11D3-BF4B-00C04F79EFBC}") = "Unity.CollabProxy.Editor", "Unity.CollabProxy.Editor.csproj", "{E0164EAB-CFB7-301E-DC05-4A862D89F321}"
EndProject
Project("{FAE04EC0-301F-11D3-BF4B-00C04F79EFBC}") = "Unity.2D.Psdimporter.Editor", "Unity.2D.Psdimporter.Editor.csproj", "{48E9BCEF-F4ED-D538-0EDC-C0FC34EED62F}"
EndProject
Project("{FAE04EC0-301F-11D3-BF4B-00C04F79EFBC}") = "Unity.VisualScripting.State.Editor", "Unity.VisualScripting.State.Editor.csproj", "{F90DD30D-AFE4-8E82-7211-A1C6364E487F}"
EndProject
Project("{FAE04EC0-301F-11D3-BF4B-00C04F79EFBC}") = "Unity.InternalAPIEditorBridge.001", "Unity.InternalAPIEditorBridge.001.csproj", "{B3639B70-6944-3F43-4730-CF2AD5A8C4EA}"
EndProject
Project("{FAE04EC0-301F-11D3-BF4B-00C04F79EFBC}") = "UnityEditor.UI", "UnityEditor.UI.csproj", "{AD85E8F3-0E4E-89BE-6C1A-61A6DCE9C291}"
EndProject
Project("{FAE04EC0-301F-11D3-BF4B-00C04F79EFBC}") = "NavMeshPlusEditor", "NavMeshPlusEditor.csproj", "{7B8E839A-6EA7-7975-2DA6-F35881A86B31}"
EndProject
Project("{FAE04EC0-301F-11D3-BF4B-00C04F79EFBC}") = "Unity.Searcher.Editor", "Unity.Searcher.Editor.csproj", "{745DAA62-64BE-ECCB-6692-85427369CE99}"
EndProject
Project("{FAE04EC0-301F-11D3-BF4B-00C04F79EFBC}") = "Unity.2D.IK.Editor", "Unity.2D.IK.Editor.csproj", "{FE9AC7B0-F5C5-00AF-53F2-2267B21BA9B7}"
EndProject
Project("{FAE04EC0-301F-11D3-BF4B-00C04F79EFBC}") = "Unity.ShaderGraph.Utilities", "Unity.ShaderGraph.Utilities.csproj", "{03772CFF-008C-DD97-32A8-45F38ED22ECB}"
EndProject
Project("{FAE04EC0-301F-11D3-BF4B-00C04F79EFBC}") = "Unity.Mathematics.Editor", "Unity.Mathematics.Editor.csproj", "{376D28F6-8738-F3B9-BD83-29F52C3AB261}"
EndProject
Project("{FAE04EC0-301F-11D3-BF4B-00C04F79EFBC}") = "Unity.2D.Tilemap.Extras.Editor", "Unity.2D.Tilemap.Extras.Editor.csproj", "{2871D605-04E3-0788-5865-DBB0B0A7ABAB}"
EndProject
Project("{FAE04EC0-301F-11D3-BF4B-00C04F79EFBC}") = "Unity.2D.Aseprite.Common", "Unity.2D.Aseprite.Common.csproj", "{86D82526-C9E3-D737-7B0F-69019349DB36}"
EndProject
Project("{FAE04EC0-301F-11D3-BF4B-00C04F79EFBC}") = "Unity.VisualScripting.Shared.Editor", "Unity.VisualScripting.Shared.Editor.csproj", "{9D90D4A8-49C7-60C2-3E39-DC290D2FD325}"
EndProject
Global
	GlobalSection(SolutionConfigurationPlatforms) = preSolution
		Debug|Any CPU = Debug|Any CPU
		Release|Any CPU = Release|Any CPU
	EndGlobalSection
	GlobalSection(ProjectConfigurationPlatforms) = postSolution
		{CEBD7091-85D5-3A3F-8B94-118FBC88C229}.Debug|Any CPU.ActiveCfg = Debug|Any CPU
		{CEBD7091-85D5-3A3F-8B94-118FBC88C229}.Debug|Any CPU.Build.0 = Debug|Any CPU
		{CEBD7091-85D5-3A3F-8B94-118FBC88C229}.Release|Any CPU.ActiveCfg = Release|Any CPU
		{CEBD7091-85D5-3A3F-8B94-118FBC88C229}.Release|Any CPU.Build.0 = Release|Any CPU
		{8E658219-B787-36D9-8B01-1E38C21EBEA6}.Debug|Any CPU.ActiveCfg = Debug|Any CPU
		{8E658219-B787-36D9-8B01-1E38C21EBEA6}.Debug|Any CPU.Build.0 = Debug|Any CPU
		{8E658219-B787-36D9-8B01-1E38C21EBEA6}.Release|Any CPU.ActiveCfg = Release|Any CPU
		{8E658219-B787-36D9-8B01-1E38C21EBEA6}.Release|Any CPU.Build.0 = Release|Any CPU
		{397E48F9-55E9-4C5E-F7B9-6E9B63CA92B0}.Debug|Any CPU.ActiveCfg = Debug|Any CPU
		{397E48F9-55E9-4C5E-F7B9-6E9B63CA92B0}.Debug|Any CPU.Build.0 = Debug|Any CPU
		{397E48F9-55E9-4C5E-F7B9-6E9B63CA92B0}.Release|Any CPU.ActiveCfg = Release|Any CPU
		{397E48F9-55E9-4C5E-F7B9-6E9B63CA92B0}.Release|Any CPU.Build.0 = Release|Any CPU
		{029F22F6-FCE5-C9EB-26E0-7A4803493924}.Debug|Any CPU.ActiveCfg = Debug|Any CPU
		{029F22F6-FCE5-C9EB-26E0-7A4803493924}.Debug|Any CPU.Build.0 = Debug|Any CPU
		{029F22F6-FCE5-C9EB-26E0-7A4803493924}.Release|Any CPU.ActiveCfg = Release|Any CPU
		{029F22F6-FCE5-C9EB-26E0-7A4803493924}.Release|Any CPU.Build.0 = Release|Any CPU
		{1C540631-76E0-E238-DCC5-C683A3549D21}.Debug|Any CPU.ActiveCfg = Debug|Any CPU
		{1C540631-76E0-E238-DCC5-C683A3549D21}.Debug|Any CPU.Build.0 = Debug|Any CPU
		{1C540631-76E0-E238-DCC5-C683A3549D21}.Release|Any CPU.ActiveCfg = Release|Any CPU
		{1C540631-76E0-E238-DCC5-C683A3549D21}.Release|Any CPU.Build.0 = Release|Any CPU
		{AF00C140-126C-48FA-D013-03249ADDB4C1}.Debug|Any CPU.ActiveCfg = Debug|Any CPU
		{AF00C140-126C-48FA-D013-03249ADDB4C1}.Debug|Any CPU.Build.0 = Debug|Any CPU
		{AF00C140-126C-48FA-D013-03249ADDB4C1}.Release|Any CPU.ActiveCfg = Release|Any CPU
		{AF00C140-126C-48FA-D013-03249ADDB4C1}.Release|Any CPU.Build.0 = Release|Any CPU
		{B3EAA3D5-230E-F1B5-725B-2BAF1E54A771}.Debug|Any CPU.ActiveCfg = Debug|Any CPU
		{B3EAA3D5-230E-F1B5-725B-2BAF1E54A771}.Debug|Any CPU.Build.0 = Debug|Any CPU
		{B3EAA3D5-230E-F1B5-725B-2BAF1E54A771}.Release|Any CPU.ActiveCfg = Release|Any CPU
		{B3EAA3D5-230E-F1B5-725B-2BAF1E54A771}.Release|Any CPU.Build.0 = Release|Any CPU
		{31B277B6-2F4B-DB11-BE8E-CCF4DFA12406}.Debug|Any CPU.ActiveCfg = Debug|Any CPU
		{31B277B6-2F4B-DB11-BE8E-CCF4DFA12406}.Debug|Any CPU.Build.0 = Debug|Any CPU
		{31B277B6-2F4B-DB11-BE8E-CCF4DFA12406}.Release|Any CPU.ActiveCfg = Release|Any CPU
		{31B277B6-2F4B-DB11-BE8E-CCF4DFA12406}.Release|Any CPU.Build.0 = Release|Any CPU
		{AC4B0C00-C674-ADB4-17B6-44EBFADA914E}.Debug|Any CPU.ActiveCfg = Debug|Any CPU
		{AC4B0C00-C674-ADB4-17B6-44EBFADA914E}.Debug|Any CPU.Build.0 = Debug|Any CPU
		{AC4B0C00-C674-ADB4-17B6-44EBFADA914E}.Release|Any CPU.ActiveCfg = Release|Any CPU
		{AC4B0C00-C674-ADB4-17B6-44EBFADA914E}.Release|Any CPU.Build.0 = Release|Any CPU
		{F5075A70-76B4-F521-BC79-6F7C14603761}.Debug|Any CPU.ActiveCfg = Debug|Any CPU
		{F5075A70-76B4-F521-BC79-6F7C14603761}.Debug|Any CPU.Build.0 = Debug|Any CPU
		{F5075A70-76B4-F521-BC79-6F7C14603761}.Release|Any CPU.ActiveCfg = Release|Any CPU
		{F5075A70-76B4-F521-BC79-6F7C14603761}.Release|Any CPU.Build.0 = Release|Any CPU
		{805D5E2F-1756-AA9E-397F-9241969D103A}.Debug|Any CPU.ActiveCfg = Debug|Any CPU
		{805D5E2F-1756-AA9E-397F-9241969D103A}.Debug|Any CPU.Build.0 = Debug|Any CPU
		{805D5E2F-1756-AA9E-397F-9241969D103A}.Release|Any CPU.ActiveCfg = Release|Any CPU
		{805D5E2F-1756-AA9E-397F-9241969D103A}.Release|Any CPU.Build.0 = Release|Any CPU
		{C4784AF8-AA7D-5B33-2502-D37D2DACEA2F}.Debug|Any CPU.ActiveCfg = Debug|Any CPU
		{C4784AF8-AA7D-5B33-2502-D37D2DACEA2F}.Debug|Any CPU.Build.0 = Debug|Any CPU
		{C4784AF8-AA7D-5B33-2502-D37D2DACEA2F}.Release|Any CPU.ActiveCfg = Release|Any CPU
		{C4784AF8-AA7D-5B33-2502-D37D2DACEA2F}.Release|Any CPU.Build.0 = Release|Any CPU
		{52687637-DD9C-A1BC-183F-CEEB03E66A36}.Debug|Any CPU.ActiveCfg = Debug|Any CPU
		{52687637-DD9C-A1BC-183F-CEEB03E66A36}.Debug|Any CPU.Build.0 = Debug|Any CPU
		{52687637-DD9C-A1BC-183F-CEEB03E66A36}.Release|Any CPU.ActiveCfg = Release|Any CPU
		{52687637-DD9C-A1BC-183F-CEEB03E66A36}.Release|Any CPU.Build.0 = Release|Any CPU
		{2A4129B4-F877-6123-DE07-265AA81C0067}.Debug|Any CPU.ActiveCfg = Debug|Any CPU
		{2A4129B4-F877-6123-DE07-265AA81C0067}.Debug|Any CPU.Build.0 = Debug|Any CPU
		{2A4129B4-F877-6123-DE07-265AA81C0067}.Release|Any CPU.ActiveCfg = Release|Any CPU
		{2A4129B4-F877-6123-DE07-265AA81C0067}.Release|Any CPU.Build.0 = Release|Any CPU
		{8D823A25-783B-9B04-1101-7DFA92F028D8}.Debug|Any CPU.ActiveCfg = Debug|Any CPU
		{8D823A25-783B-9B04-1101-7DFA92F028D8}.Debug|Any CPU.Build.0 = Debug|Any CPU
		{8D823A25-783B-9B04-1101-7DFA92F028D8}.Release|Any CPU.ActiveCfg = Release|Any CPU
		{8D823A25-783B-9B04-1101-7DFA92F028D8}.Release|Any CPU.Build.0 = Release|Any CPU
		{CE500740-AE34-C05E-67DC-9AC07F5465FB}.Debug|Any CPU.ActiveCfg = Debug|Any CPU
		{CE500740-AE34-C05E-67DC-9AC07F5465FB}.Debug|Any CPU.Build.0 = Debug|Any CPU
		{CE500740-AE34-C05E-67DC-9AC07F5465FB}.Release|Any CPU.ActiveCfg = Release|Any CPU
		{CE500740-AE34-C05E-67DC-9AC07F5465FB}.Release|Any CPU.Build.0 = Release|Any CPU
		{53D5A369-CE08-3FCF-C9BB-B600B5DCE07A}.Debug|Any CPU.ActiveCfg = Debug|Any CPU
		{53D5A369-CE08-3FCF-C9BB-B600B5DCE07A}.Debug|Any CPU.Build.0 = Debug|Any CPU
		{53D5A369-CE08-3FCF-C9BB-B600B5DCE07A}.Release|Any CPU.ActiveCfg = Release|Any CPU
		{53D5A369-CE08-3FCF-C9BB-B600B5DCE07A}.Release|Any CPU.Build.0 = Release|Any CPU
		{19ED52C9-61D3-2847-A13B-3A555153F0E3}.Debug|Any CPU.ActiveCfg = Debug|Any CPU
		{19ED52C9-61D3-2847-A13B-3A555153F0E3}.Debug|Any CPU.Build.0 = Debug|Any CPU
		{19ED52C9-61D3-2847-A13B-3A555153F0E3}.Release|Any CPU.ActiveCfg = Release|Any CPU
		{19ED52C9-61D3-2847-A13B-3A555153F0E3}.Release|Any CPU.Build.0 = Release|Any CPU
		{357AFFFB-250F-CBC2-028A-E3895D0E9ADB}.Debug|Any CPU.ActiveCfg = Debug|Any CPU
		{357AFFFB-250F-CBC2-028A-E3895D0E9ADB}.Debug|Any CPU.Build.0 = Debug|Any CPU
		{357AFFFB-250F-CBC2-028A-E3895D0E9ADB}.Release|Any CPU.ActiveCfg = Release|Any CPU
		{357AFFFB-250F-CBC2-028A-E3895D0E9ADB}.Release|Any CPU.Build.0 = Release|Any CPU
		{4B96DD2B-51B4-31A6-0B5E-CBB457C780A8}.Debug|Any CPU.ActiveCfg = Debug|Any CPU
		{4B96DD2B-51B4-31A6-0B5E-CBB457C780A8}.Debug|Any CPU.Build.0 = Debug|Any CPU
		{4B96DD2B-51B4-31A6-0B5E-CBB457C780A8}.Release|Any CPU.ActiveCfg = Release|Any CPU
		{4B96DD2B-51B4-31A6-0B5E-CBB457C780A8}.Release|Any CPU.Build.0 = Release|Any CPU
		{1C7B40CF-AFF7-1685-1189-A3869110080E}.Debug|Any CPU.ActiveCfg = Debug|Any CPU
		{1C7B40CF-AFF7-1685-1189-A3869110080E}.Debug|Any CPU.Build.0 = Debug|Any CPU
		{1C7B40CF-AFF7-1685-1189-A3869110080E}.Release|Any CPU.ActiveCfg = Release|Any CPU
		{1C7B40CF-AFF7-1685-1189-A3869110080E}.Release|Any CPU.Build.0 = Release|Any CPU
		{5F6B191E-08D0-2C4D-CBD4-96D0BC044E98}.Debug|Any CPU.ActiveCfg = Debug|Any CPU
		{5F6B191E-08D0-2C4D-CBD4-96D0BC044E98}.Debug|Any CPU.Build.0 = Debug|Any CPU
		{5F6B191E-08D0-2C4D-CBD4-96D0BC044E98}.Release|Any CPU.ActiveCfg = Release|Any CPU
		{5F6B191E-08D0-2C4D-CBD4-96D0BC044E98}.Release|Any CPU.Build.0 = Release|Any CPU
		{61B59E2D-5553-404A-2095-F04598F788BF}.Debug|Any CPU.ActiveCfg = Debug|Any CPU
		{61B59E2D-5553-404A-2095-F04598F788BF}.Debug|Any CPU.Build.0 = Debug|Any CPU
		{61B59E2D-5553-404A-2095-F04598F788BF}.Release|Any CPU.ActiveCfg = Release|Any CPU
		{61B59E2D-5553-404A-2095-F04598F788BF}.Release|Any CPU.Build.0 = Release|Any CPU
		{E5128D3A-7B39-42DB-C288-B9146296A8CE}.Debug|Any CPU.ActiveCfg = Debug|Any CPU
		{E5128D3A-7B39-42DB-C288-B9146296A8CE}.Debug|Any CPU.Build.0 = Debug|Any CPU
		{E5128D3A-7B39-42DB-C288-B9146296A8CE}.Release|Any CPU.ActiveCfg = Release|Any CPU
		{E5128D3A-7B39-42DB-C288-B9146296A8CE}.Release|Any CPU.Build.0 = Release|Any CPU
		{D3794583-8DFA-C195-57E8-C1CADF8D9E81}.Debug|Any CPU.ActiveCfg = Debug|Any CPU
		{D3794583-8DFA-C195-57E8-C1CADF8D9E81}.Debug|Any CPU.Build.0 = Debug|Any CPU
		{D3794583-8DFA-C195-57E8-C1CADF8D9E81}.Release|Any CPU.ActiveCfg = Release|Any CPU
		{D3794583-8DFA-C195-57E8-C1CADF8D9E81}.Release|Any CPU.Build.0 = Release|Any CPU
		{D0C1A318-44C2-9372-F05F-41BCC9F02CBE}.Debug|Any CPU.ActiveCfg = Debug|Any CPU
		{D0C1A318-44C2-9372-F05F-41BCC9F02CBE}.Debug|Any CPU.Build.0 = Debug|Any CPU
		{D0C1A318-44C2-9372-F05F-41BCC9F02CBE}.Release|Any CPU.ActiveCfg = Release|Any CPU
		{D0C1A318-44C2-9372-F05F-41BCC9F02CBE}.Release|Any CPU.Build.0 = Release|Any CPU
		{392B1DF4-8969-8BE6-208E-FC3D872C3A3F}.Debug|Any CPU.ActiveCfg = Debug|Any CPU
		{392B1DF4-8969-8BE6-208E-FC3D872C3A3F}.Debug|Any CPU.Build.0 = Debug|Any CPU
		{392B1DF4-8969-8BE6-208E-FC3D872C3A3F}.Release|Any CPU.ActiveCfg = Release|Any CPU
		{392B1DF4-8969-8BE6-208E-FC3D872C3A3F}.Release|Any CPU.Build.0 = Release|Any CPU
		{EBD79BBB-DF1F-26B1-6C68-4D0E4D10CFAD}.Debug|Any CPU.ActiveCfg = Debug|Any CPU
		{EBD79BBB-DF1F-26B1-6C68-4D0E4D10CFAD}.Debug|Any CPU.Build.0 = Debug|Any CPU
		{EBD79BBB-DF1F-26B1-6C68-4D0E4D10CFAD}.Release|Any CPU.ActiveCfg = Release|Any CPU
		{EBD79BBB-DF1F-26B1-6C68-4D0E4D10CFAD}.Release|Any CPU.Build.0 = Release|Any CPU
		{2709B3C0-0101-D17E-2D69-F1143ABCDC8F}.Debug|Any CPU.ActiveCfg = Debug|Any CPU
		{2709B3C0-0101-D17E-2D69-F1143ABCDC8F}.Debug|Any CPU.Build.0 = Debug|Any CPU
		{2709B3C0-0101-D17E-2D69-F1143ABCDC8F}.Release|Any CPU.ActiveCfg = Release|Any CPU
		{2709B3C0-0101-D17E-2D69-F1143ABCDC8F}.Release|Any CPU.Build.0 = Release|Any CPU
		{1D92883B-2B05-5DEF-0BAB-4832F355D1E9}.Debug|Any CPU.ActiveCfg = Debug|Any CPU
		{1D92883B-2B05-5DEF-0BAB-4832F355D1E9}.Debug|Any CPU.Build.0 = Debug|Any CPU
		{1D92883B-2B05-5DEF-0BAB-4832F355D1E9}.Release|Any CPU.ActiveCfg = Release|Any CPU
		{1D92883B-2B05-5DEF-0BAB-4832F355D1E9}.Release|Any CPU.Build.0 = Release|Any CPU
		{ECA70D00-D5CF-D427-9C0D-515DEF2C5E9B}.Debug|Any CPU.ActiveCfg = Debug|Any CPU
		{ECA70D00-D5CF-D427-9C0D-515DEF2C5E9B}.Debug|Any CPU.Build.0 = Debug|Any CPU
		{ECA70D00-D5CF-D427-9C0D-515DEF2C5E9B}.Release|Any CPU.ActiveCfg = Release|Any CPU
		{ECA70D00-D5CF-D427-9C0D-515DEF2C5E9B}.Release|Any CPU.Build.0 = Release|Any CPU
		{88283519-927E-DF79-58F2-5C89B92A708A}.Debug|Any CPU.ActiveCfg = Debug|Any CPU
		{88283519-927E-DF79-58F2-5C89B92A708A}.Debug|Any CPU.Build.0 = Debug|Any CPU
		{88283519-927E-DF79-58F2-5C89B92A708A}.Release|Any CPU.ActiveCfg = Release|Any CPU
		{88283519-927E-DF79-58F2-5C89B92A708A}.Release|Any CPU.Build.0 = Release|Any CPU
		{4533B050-6EDD-132C-D506-C16A2C20C709}.Debug|Any CPU.ActiveCfg = Debug|Any CPU
		{4533B050-6EDD-132C-D506-C16A2C20C709}.Debug|Any CPU.Build.0 = Debug|Any CPU
		{4533B050-6EDD-132C-D506-C16A2C20C709}.Release|Any CPU.ActiveCfg = Release|Any CPU
		{4533B050-6EDD-132C-D506-C16A2C20C709}.Release|Any CPU.Build.0 = Release|Any CPU
		{A4FC48FB-765F-0A9A-D612-95650907C741}.Debug|Any CPU.ActiveCfg = Debug|Any CPU
		{A4FC48FB-765F-0A9A-D612-95650907C741}.Debug|Any CPU.Build.0 = Debug|Any CPU
		{A4FC48FB-765F-0A9A-D612-95650907C741}.Release|Any CPU.ActiveCfg = Release|Any CPU
		{A4FC48FB-765F-0A9A-D612-95650907C741}.Release|Any CPU.Build.0 = Release|Any CPU
		{1448D5EB-33A4-0685-4421-A5C2580F630E}.Debug|Any CPU.ActiveCfg = Debug|Any CPU
		{1448D5EB-33A4-0685-4421-A5C2580F630E}.Debug|Any CPU.Build.0 = Debug|Any CPU
		{1448D5EB-33A4-0685-4421-A5C2580F630E}.Release|Any CPU.ActiveCfg = Release|Any CPU
		{1448D5EB-33A4-0685-4421-A5C2580F630E}.Release|Any CPU.Build.0 = Release|Any CPU
		{E1767D8A-9F56-34C9-9AE7-3BEF547A0F95}.Debug|Any CPU.ActiveCfg = Debug|Any CPU
		{E1767D8A-9F56-34C9-9AE7-3BEF547A0F95}.Debug|Any CPU.Build.0 = Debug|Any CPU
		{E1767D8A-9F56-34C9-9AE7-3BEF547A0F95}.Release|Any CPU.ActiveCfg = Release|Any CPU
		{E1767D8A-9F56-34C9-9AE7-3BEF547A0F95}.Release|Any CPU.Build.0 = Release|Any CPU
		{09A4EFDB-1F48-27C0-AC87-F873B0946613}.Debug|Any CPU.ActiveCfg = Debug|Any CPU
		{09A4EFDB-1F48-27C0-AC87-F873B0946613}.Debug|Any CPU.Build.0 = Debug|Any CPU
		{09A4EFDB-1F48-27C0-AC87-F873B0946613}.Release|Any CPU.ActiveCfg = Release|Any CPU
		{09A4EFDB-1F48-27C0-AC87-F873B0946613}.Release|Any CPU.Build.0 = Release|Any CPU
		{35974E03-49FA-6E21-3E78-91C4C7DEEDC4}.Debug|Any CPU.ActiveCfg = Debug|Any CPU
		{35974E03-49FA-6E21-3E78-91C4C7DEEDC4}.Debug|Any CPU.Build.0 = Debug|Any CPU
		{35974E03-49FA-6E21-3E78-91C4C7DEEDC4}.Release|Any CPU.ActiveCfg = Release|Any CPU
		{35974E03-49FA-6E21-3E78-91C4C7DEEDC4}.Release|Any CPU.Build.0 = Release|Any CPU
		{94A51D49-D7B2-3ED3-A8A4-693E4AC1B35C}.Debug|Any CPU.ActiveCfg = Debug|Any CPU
		{94A51D49-D7B2-3ED3-A8A4-693E4AC1B35C}.Debug|Any CPU.Build.0 = Debug|Any CPU
		{94A51D49-D7B2-3ED3-A8A4-693E4AC1B35C}.Release|Any CPU.ActiveCfg = Release|Any CPU
		{94A51D49-D7B2-3ED3-A8A4-693E4AC1B35C}.Release|Any CPU.Build.0 = Release|Any CPU
		{2B69672D-8254-BA84-9C43-9CC0B633B528}.Debug|Any CPU.ActiveCfg = Debug|Any CPU
		{2B69672D-8254-BA84-9C43-9CC0B633B528}.Debug|Any CPU.Build.0 = Debug|Any CPU
		{2B69672D-8254-BA84-9C43-9CC0B633B528}.Release|Any CPU.ActiveCfg = Release|Any CPU
		{2B69672D-8254-BA84-9C43-9CC0B633B528}.Release|Any CPU.Build.0 = Release|Any CPU
		{A4D616E2-7A11-BC5B-6C3D-6C1066F5D2FC}.Debug|Any CPU.ActiveCfg = Debug|Any CPU
		{A4D616E2-7A11-BC5B-6C3D-6C1066F5D2FC}.Debug|Any CPU.Build.0 = Debug|Any CPU
		{A4D616E2-7A11-BC5B-6C3D-6C1066F5D2FC}.Release|Any CPU.ActiveCfg = Release|Any CPU
		{A4D616E2-7A11-BC5B-6C3D-6C1066F5D2FC}.Release|Any CPU.Build.0 = Release|Any CPU
		{3F21B9EC-8D87-E77F-E874-07AB13A28DA9}.Debug|Any CPU.ActiveCfg = Debug|Any CPU
		{3F21B9EC-8D87-E77F-E874-07AB13A28DA9}.Debug|Any CPU.Build.0 = Debug|Any CPU
		{3F21B9EC-8D87-E77F-E874-07AB13A28DA9}.Release|Any CPU.ActiveCfg = Release|Any CPU
		{3F21B9EC-8D87-E77F-E874-07AB13A28DA9}.Release|Any CPU.Build.0 = Release|Any CPU
		{F242E62B-6868-7D5F-58A7-1A294BE49E57}.Debug|Any CPU.ActiveCfg = Debug|Any CPU
		{F242E62B-6868-7D5F-58A7-1A294BE49E57}.Debug|Any CPU.Build.0 = Debug|Any CPU
		{F242E62B-6868-7D5F-58A7-1A294BE49E57}.Release|Any CPU.ActiveCfg = Release|Any CPU
		{F242E62B-6868-7D5F-58A7-1A294BE49E57}.Release|Any CPU.Build.0 = Release|Any CPU
		{911DEB76-602B-9A81-CB28-0278BD898FEA}.Debug|Any CPU.ActiveCfg = Debug|Any CPU
		{911DEB76-602B-9A81-CB28-0278BD898FEA}.Debug|Any CPU.Build.0 = Debug|Any CPU
		{911DEB76-602B-9A81-CB28-0278BD898FEA}.Release|Any CPU.ActiveCfg = Release|Any CPU
		{911DEB76-602B-9A81-CB28-0278BD898FEA}.Release|Any CPU.Build.0 = Release|Any CPU
		{DB39C227-E8D7-2EDF-C5E9-F110776608FE}.Debug|Any CPU.ActiveCfg = Debug|Any CPU
		{DB39C227-E8D7-2EDF-C5E9-F110776608FE}.Debug|Any CPU.Build.0 = Debug|Any CPU
		{DB39C227-E8D7-2EDF-C5E9-F110776608FE}.Release|Any CPU.ActiveCfg = Release|Any CPU
		{DB39C227-E8D7-2EDF-C5E9-F110776608FE}.Release|Any CPU.Build.0 = Release|Any CPU
		{A7DF35E7-6A14-4104-546F-3F787722610E}.Debug|Any CPU.ActiveCfg = Debug|Any CPU
		{A7DF35E7-6A14-4104-546F-3F787722610E}.Debug|Any CPU.Build.0 = Debug|Any CPU
		{A7DF35E7-6A14-4104-546F-3F787722610E}.Release|Any CPU.ActiveCfg = Release|Any CPU
		{A7DF35E7-6A14-4104-546F-3F787722610E}.Release|Any CPU.Build.0 = Release|Any CPU
		{F5FD8C06-EA44-8DD7-48D1-4935EA65FD57}.Debug|Any CPU.ActiveCfg = Debug|Any CPU
		{F5FD8C06-EA44-8DD7-48D1-4935EA65FD57}.Debug|Any CPU.Build.0 = Debug|Any CPU
		{F5FD8C06-EA44-8DD7-48D1-4935EA65FD57}.Release|Any CPU.ActiveCfg = Release|Any CPU
		{F5FD8C06-EA44-8DD7-48D1-4935EA65FD57}.Release|Any CPU.Build.0 = Release|Any CPU
		{652CE3A1-7620-7A8B-695F-8D3371E21A92}.Debug|Any CPU.ActiveCfg = Debug|Any CPU
		{652CE3A1-7620-7A8B-695F-8D3371E21A92}.Debug|Any CPU.Build.0 = Debug|Any CPU
		{652CE3A1-7620-7A8B-695F-8D3371E21A92}.Release|Any CPU.ActiveCfg = Release|Any CPU
		{652CE3A1-7620-7A8B-695F-8D3371E21A92}.Release|Any CPU.Build.0 = Release|Any CPU
		{D16E8D57-F284-0F72-2F86-ABB9CAC90566}.Debug|Any CPU.ActiveCfg = Debug|Any CPU
		{D16E8D57-F284-0F72-2F86-ABB9CAC90566}.Debug|Any CPU.Build.0 = Debug|Any CPU
		{D16E8D57-F284-0F72-2F86-ABB9CAC90566}.Release|Any CPU.ActiveCfg = Release|Any CPU
		{D16E8D57-F284-0F72-2F86-ABB9CAC90566}.Release|Any CPU.Build.0 = Release|Any CPU
		{E6232DEA-A0A4-3B3E-F695-895515886E55}.Debug|Any CPU.ActiveCfg = Debug|Any CPU
		{E6232DEA-A0A4-3B3E-F695-895515886E55}.Debug|Any CPU.Build.0 = Debug|Any CPU
		{E6232DEA-A0A4-3B3E-F695-895515886E55}.Release|Any CPU.ActiveCfg = Release|Any CPU
		{E6232DEA-A0A4-3B3E-F695-895515886E55}.Release|Any CPU.Build.0 = Release|Any CPU
		{68656E1B-4564-E29F-F985-E8E7201EF712}.Debug|Any CPU.ActiveCfg = Debug|Any CPU
		{68656E1B-4564-E29F-F985-E8E7201EF712}.Debug|Any CPU.Build.0 = Debug|Any CPU
		{68656E1B-4564-E29F-F985-E8E7201EF712}.Release|Any CPU.ActiveCfg = Release|Any CPU
		{68656E1B-4564-E29F-F985-E8E7201EF712}.Release|Any CPU.Build.0 = Release|Any CPU
		{1BF1A1DE-FE4B-2267-C475-ED900E0A0E82}.Debug|Any CPU.ActiveCfg = Debug|Any CPU
		{1BF1A1DE-FE4B-2267-C475-ED900E0A0E82}.Debug|Any CPU.Build.0 = Debug|Any CPU
		{1BF1A1DE-FE4B-2267-C475-ED900E0A0E82}.Release|Any CPU.ActiveCfg = Release|Any CPU
		{1BF1A1DE-FE4B-2267-C475-ED900E0A0E82}.Release|Any CPU.Build.0 = Release|Any CPU
		{E0164EAB-CFB7-301E-DC05-4A862D89F321}.Debug|Any CPU.ActiveCfg = Debug|Any CPU
		{E0164EAB-CFB7-301E-DC05-4A862D89F321}.Debug|Any CPU.Build.0 = Debug|Any CPU
		{E0164EAB-CFB7-301E-DC05-4A862D89F321}.Release|Any CPU.ActiveCfg = Release|Any CPU
		{E0164EAB-CFB7-301E-DC05-4A862D89F321}.Release|Any CPU.Build.0 = Release|Any CPU
		{48E9BCEF-F4ED-D538-0EDC-C0FC34EED62F}.Debug|Any CPU.ActiveCfg = Debug|Any CPU
		{48E9BCEF-F4ED-D538-0EDC-C0FC34EED62F}.Debug|Any CPU.Build.0 = Debug|Any CPU
		{48E9BCEF-F4ED-D538-0EDC-C0FC34EED62F}.Release|Any CPU.ActiveCfg = Release|Any CPU
		{48E9BCEF-F4ED-D538-0EDC-C0FC34EED62F}.Release|Any CPU.Build.0 = Release|Any CPU
		{F90DD30D-AFE4-8E82-7211-A1C6364E487F}.Debug|Any CPU.ActiveCfg = Debug|Any CPU
		{F90DD30D-AFE4-8E82-7211-A1C6364E487F}.Debug|Any CPU.Build.0 = Debug|Any CPU
		{F90DD30D-AFE4-8E82-7211-A1C6364E487F}.Release|Any CPU.ActiveCfg = Release|Any CPU
		{F90DD30D-AFE4-8E82-7211-A1C6364E487F}.Release|Any CPU.Build.0 = Release|Any CPU
		{B3639B70-6944-3F43-4730-CF2AD5A8C4EA}.Debug|Any CPU.ActiveCfg = Debug|Any CPU
		{B3639B70-6944-3F43-4730-CF2AD5A8C4EA}.Debug|Any CPU.Build.0 = Debug|Any CPU
		{B3639B70-6944-3F43-4730-CF2AD5A8C4EA}.Release|Any CPU.ActiveCfg = Release|Any CPU
		{B3639B70-6944-3F43-4730-CF2AD5A8C4EA}.Release|Any CPU.Build.0 = Release|Any CPU
		{AD85E8F3-0E4E-89BE-6C1A-61A6DCE9C291}.Debug|Any CPU.ActiveCfg = Debug|Any CPU
		{AD85E8F3-0E4E-89BE-6C1A-61A6DCE9C291}.Debug|Any CPU.Build.0 = Debug|Any CPU
		{AD85E8F3-0E4E-89BE-6C1A-61A6DCE9C291}.Release|Any CPU.ActiveCfg = Release|Any CPU
		{AD85E8F3-0E4E-89BE-6C1A-61A6DCE9C291}.Release|Any CPU.Build.0 = Release|Any CPU
		{7B8E839A-6EA7-7975-2DA6-F35881A86B31}.Debug|Any CPU.ActiveCfg = Debug|Any CPU
		{7B8E839A-6EA7-7975-2DA6-F35881A86B31}.Debug|Any CPU.Build.0 = Debug|Any CPU
		{7B8E839A-6EA7-7975-2DA6-F35881A86B31}.Release|Any CPU.ActiveCfg = Release|Any CPU
		{7B8E839A-6EA7-7975-2DA6-F35881A86B31}.Release|Any CPU.Build.0 = Release|Any CPU
		{745DAA62-64BE-ECCB-6692-85427369CE99}.Debug|Any CPU.ActiveCfg = Debug|Any CPU
		{745DAA62-64BE-ECCB-6692-85427369CE99}.Debug|Any CPU.Build.0 = Debug|Any CPU
		{745DAA62-64BE-ECCB-6692-85427369CE99}.Release|Any CPU.ActiveCfg = Release|Any CPU
		{745DAA62-64BE-ECCB-6692-85427369CE99}.Release|Any CPU.Build.0 = Release|Any CPU
		{FE9AC7B0-F5C5-00AF-53F2-2267B21BA9B7}.Debug|Any CPU.ActiveCfg = Debug|Any CPU
		{FE9AC7B0-F5C5-00AF-53F2-2267B21BA9B7}.Debug|Any CPU.Build.0 = Debug|Any CPU
		{FE9AC7B0-F5C5-00AF-53F2-2267B21BA9B7}.Release|Any CPU.ActiveCfg = Release|Any CPU
		{FE9AC7B0-F5C5-00AF-53F2-2267B21BA9B7}.Release|Any CPU.Build.0 = Release|Any CPU
		{03772CFF-008C-DD97-32A8-45F38ED22ECB}.Debug|Any CPU.ActiveCfg = Debug|Any CPU
		{03772CFF-008C-DD97-32A8-45F38ED22ECB}.Debug|Any CPU.Build.0 = Debug|Any CPU
		{03772CFF-008C-DD97-32A8-45F38ED22ECB}.Release|Any CPU.ActiveCfg = Release|Any CPU
		{03772CFF-008C-DD97-32A8-45F38ED22ECB}.Release|Any CPU.Build.0 = Release|Any CPU
		{376D28F6-8738-F3B9-BD83-29F52C3AB261}.Debug|Any CPU.ActiveCfg = Debug|Any CPU
		{376D28F6-8738-F3B9-BD83-29F52C3AB261}.Debug|Any CPU.Build.0 = Debug|Any CPU
		{376D28F6-8738-F3B9-BD83-29F52C3AB261}.Release|Any CPU.ActiveCfg = Release|Any CPU
		{376D28F6-8738-F3B9-BD83-29F52C3AB261}.Release|Any CPU.Build.0 = Release|Any CPU
		{2871D605-04E3-0788-5865-DBB0B0A7ABAB}.Debug|Any CPU.ActiveCfg = Debug|Any CPU
		{2871D605-04E3-0788-5865-DBB0B0A7ABAB}.Debug|Any CPU.Build.0 = Debug|Any CPU
		{2871D605-04E3-0788-5865-DBB0B0A7ABAB}.Release|Any CPU.ActiveCfg = Release|Any CPU
		{2871D605-04E3-0788-5865-DBB0B0A7ABAB}.Release|Any CPU.Build.0 = Release|Any CPU
		{86D82526-C9E3-D737-7B0F-69019349DB36}.Debug|Any CPU.ActiveCfg = Debug|Any CPU
		{86D82526-C9E3-D737-7B0F-69019349DB36}.Debug|Any CPU.Build.0 = Debug|Any CPU
		{86D82526-C9E3-D737-7B0F-69019349DB36}.Release|Any CPU.ActiveCfg = Release|Any CPU
		{86D82526-C9E3-D737-7B0F-69019349DB36}.Release|Any CPU.Build.0 = Release|Any CPU
		{9D90D4A8-49C7-60C2-3E39-DC290D2FD325}.Debug|Any CPU.ActiveCfg = Debug|Any CPU
		{9D90D4A8-49C7-60C2-3E39-DC290D2FD325}.Debug|Any CPU.Build.0 = Debug|Any CPU
		{9D90D4A8-49C7-60C2-3E39-DC290D2FD325}.Release|Any CPU.ActiveCfg = Release|Any CPU
		{9D90D4A8-49C7-60C2-3E39-DC290D2FD325}.Release|Any CPU.Build.0 = Release|Any CPU
	EndGlobalSection
	GlobalSection(SolutionProperties) = preSolution
		HideSolutionNode = FALSE
	EndGlobalSection
EndGlobal
